
Microsoft Visual Studio Solution File, Format Version 12.00
# Visual Studio 15
VisualStudioVersion = 15.0.28307.168
MinimumVisualStudioVersion = 10.0.40219.1
Project("{FAE04EC0-301F-11D3-BF4B-00C04F79EFBC}") = "Task_1", "Task_1\Task_1.csproj", "{22877E31-9723-4C74-B17E-64C08AA239D3}"
EndProject
Project("{FAE04EC0-301F-11D3-BF4B-00C04F79EFBC}") = "Task_2", "..\GB_CSharp1_1.7\GB_CSharp1_1.7\Task_2.csproj", "{B3E57C40-D699-4118-A136-216F95273DEB}"
EndProject
Global
	GlobalSection(SolutionConfigurationPlatforms) = preSolution
		Debug|Any CPU = Debug|Any CPU
		Release|Any CPU = Release|Any CPU
	EndGlobalSection
	GlobalSection(ProjectConfigurationPlatforms) = postSolution
		{22877E31-9723-4C74-B17E-64C08AA239D3}.Debug|Any CPU.ActiveCfg = Debug|Any CPU
		{22877E31-9723-4C74-B17E-64C08AA239D3}.Debug|Any CPU.Build.0 = Debug|Any CPU
		{22877E31-9723-4C74-B17E-64C08AA239D3}.Release|Any CPU.ActiveCfg = Release|Any CPU
		{22877E31-9723-4C74-B17E-64C08AA239D3}.Release|Any CPU.Build.0 = Release|Any CPU
		{B3E57C40-D699-4118-A136-216F95273DEB}.Debug|Any CPU.ActiveCfg = Debug|Any CPU
		{B3E57C40-D699-4118-A136-216F95273DEB}.Debug|Any CPU.Build.0 = Debug|Any CPU
		{B3E57C40-D699-4118-A136-216F95273DEB}.Release|Any CPU.ActiveCfg = Release|Any CPU
		{B3E57C40-D699-4118-A136-216F95273DEB}.Release|Any CPU.Build.0 = Release|Any CPU
	EndGlobalSection
	GlobalSection(SolutionProperties) = preSolution
		HideSolutionNode = FALSE
	EndGlobalSection
	GlobalSection(ExtensibilityGlobals) = postSolution
		SolutionGuid = {C53E3A54-7D96-4EBF-AF0D-085EAEB0E7C9}
	EndGlobalSection
EndGlobal
